// !$*UTF8*$!
{
	archiveVersion = 1;
	classes = {
	};
	objectVersion = 46;
	objects = {

/* Begin PBXBuildFile section */
		684DF4B51F44CF4300F47447 /* IOKit.framework in Frameworks */ = {isa = PBXBuildFile; fileRef = 684DF4B41F44CF4300F47447 /* IOKit.framework */; };
		877D1EE11F3E1FF500C60D67 /* main.m in Sources */ = {isa = PBXBuildFile; fileRef = 877D1EE01F3E1FF500C60D67 /* main.m */; };
		877D1EE41F3E1FF500C60D67 /* AppDelegate.m in Sources */ = {isa = PBXBuildFile; fileRef = 877D1EE31F3E1FF500C60D67 /* AppDelegate.m */; };
		877D1EEA1F3E1FF500C60D67 /* Main.storyboard in Resources */ = {isa = PBXBuildFile; fileRef = 877D1EE81F3E1FF500C60D67 /* Main.storyboard */; };
		877D1EEC1F3E1FF500C60D67 /* Assets.xcassets in Resources */ = {isa = PBXBuildFile; fileRef = 877D1EEB1F3E1FF500C60D67 /* Assets.xcassets */; };
		877D1EEF1F3E1FF500C60D67 /* LaunchScreen.storyboard in Resources */ = {isa = PBXBuildFile; fileRef = 877D1EED1F3E1FF500C60D67 /* LaunchScreen.storyboard */; };
		877D1F171F3E242400C60D67 /* GeneratorSetterVC.m in Sources */ = {isa = PBXBuildFile; fileRef = 877D1F161F3E242400C60D67 /* GeneratorSetterVC.m */; };
		87F42C381F44C196001F0724 /* exploit64.m in Sources */ = {isa = PBXBuildFile; fileRef = 87F42C301F44C196001F0724 /* exploit64.m */; };
		87F42C391F44C196001F0724 /* find.m in Sources */ = {isa = PBXBuildFile; fileRef = 87F42C321F44C196001F0724 /* find.m */; };
		87F42C3B1F44C196001F0724 /* load_payload.m in Sources */ = {isa = PBXBuildFile; fileRef = 87F42C371F44C196001F0724 /* load_payload.m */; };
		D0020647210A84B000DFF623 /* kernel_utils.c in Sources */ = {isa = PBXBuildFile; fileRef = D0020646210A84B000DFF623 /* kernel_utils.c */; };
		D002967B20DF6D4800B11691 /* kpp.c in Sources */ = {isa = PBXBuildFile; fileRef = D002967A20DF6D4800B11691 /* kpp.c */; };
		D0087E7720DD392600C5F229 /* getshell.c in Sources */ = {isa = PBXBuildFile; fileRef = D0087E7520DD392600C5F229 /* getshell.c */; };
		D0087E7B20DD393800C5F229 /* libjb.c in Sources */ = {isa = PBXBuildFile; fileRef = D0087E7920DD393800C5F229 /* libjb.c */; };
		D0087E8120DD3DA100C5F229 /* bash-arm64-sig in Resources */ = {isa = PBXBuildFile; fileRef = D0087E7D20DD3DA100C5F229 /* bash-arm64-sig */; };
		D0087E8220DD3DA100C5F229 /* bootstrap.tar in Resources */ = {isa = PBXBuildFile; fileRef = D0087E7E20DD3DA100C5F229 /* bootstrap.tar */; };
		D0087E8320DD3DA100C5F229 /* dropbear-sig in Resources */ = {isa = PBXBuildFile; fileRef = D0087E7F20DD3DA100C5F229 /* dropbear-sig */; };
		D0087E8420DD3DA100C5F229 /* profile in Resources */ = {isa = PBXBuildFile; fileRef = D0087E8020DD3DA100C5F229 /* profile */; };
		D0087E8620DD41AA00C5F229 /* hosts in Resources */ = {isa = PBXBuildFile; fileRef = D0087E8520DD41AA00C5F229 /* hosts */; };
		D05F1FE520DDF7D600CC3E04 /* kernelcache-decrypt-6s-n71ap-9.3 in Resources */ = {isa = PBXBuildFile; fileRef = D05F1FE420DDF7D600CC3E04 /* kernelcache-decrypt-6s-n71ap-9.3 */; };
/* End PBXBuildFile section */

/* Begin PBXFileReference section */
		684DF4B41F44CF4300F47447 /* IOKit.framework */ = {isa = PBXFileReference; lastKnownFileType = wrapper.framework; name = IOKit.framework; path = PhoenixNonce/IOKit.framework; sourceTree = "<group>"; };
		877D1EDC1F3E1FF500C60D67 /* PhoenixNonce.app */ = {isa = PBXFileReference; explicitFileType = wrapper.application; includeInIndex = 0; path = PhoenixNonce.app; sourceTree = BUILT_PRODUCTS_DIR; };
		877D1EE01F3E1FF500C60D67 /* main.m */ = {isa = PBXFileReference; lastKnownFileType = sourcecode.c.objc; path = main.m; sourceTree = "<group>"; };
		877D1EE21F3E1FF500C60D67 /* AppDelegate.h */ = {isa = PBXFileReference; lastKnownFileType = sourcecode.c.h; path = AppDelegate.h; sourceTree = "<group>"; };
		877D1EE31F3E1FF500C60D67 /* AppDelegate.m */ = {isa = PBXFileReference; lastKnownFileType = sourcecode.c.objc; path = AppDelegate.m; sourceTree = "<group>"; };
		877D1EE91F3E1FF500C60D67 /* Base */ = {isa = PBXFileReference; lastKnownFileType = file.storyboard; name = Base; path = Base.lproj/Main.storyboard; sourceTree = "<group>"; };
		877D1EEB1F3E1FF500C60D67 /* Assets.xcassets */ = {isa = PBXFileReference; lastKnownFileType = folder.assetcatalog; path = Assets.xcassets; sourceTree = "<group>"; };
		877D1EEE1F3E1FF500C60D67 /* Base */ = {isa = PBXFileReference; lastKnownFileType = file.storyboard; name = Base; path = Base.lproj/LaunchScreen.storyboard; sourceTree = "<group>"; };
		877D1EF01F3E1FF500C60D67 /* Info.plist */ = {isa = PBXFileReference; lastKnownFileType = text.plist.xml; path = Info.plist; sourceTree = "<group>"; };
		877D1F151F3E242400C60D67 /* GeneratorSetterVC.h */ = {isa = PBXFileReference; fileEncoding = 4; lastKnownFileType = sourcecode.c.h; path = GeneratorSetterVC.h; sourceTree = "<group>"; };
		877D1F161F3E242400C60D67 /* GeneratorSetterVC.m */ = {isa = PBXFileReference; fileEncoding = 4; lastKnownFileType = sourcecode.c.objc; path = GeneratorSetterVC.m; sourceTree = "<group>"; };
		87F42C2F1F44C196001F0724 /* exploit64.h */ = {isa = PBXFileReference; fileEncoding = 4; lastKnownFileType = sourcecode.c.h; path = exploit64.h; sourceTree = "<group>"; };
		87F42C301F44C196001F0724 /* exploit64.m */ = {isa = PBXFileReference; fileEncoding = 4; lastKnownFileType = sourcecode.c.objc; path = exploit64.m; sourceTree = "<group>"; };
		87F42C311F44C196001F0724 /* find.h */ = {isa = PBXFileReference; fileEncoding = 4; lastKnownFileType = sourcecode.c.h; path = find.h; sourceTree = "<group>"; };
		87F42C321F44C196001F0724 /* find.m */ = {isa = PBXFileReference; fileEncoding = 4; lastKnownFileType = sourcecode.c.objc; path = find.m; sourceTree = "<group>"; };
		87F42C331F44C196001F0724 /* mach-o.h */ = {isa = PBXFileReference; fileEncoding = 4; lastKnownFileType = sourcecode.c.h; path = "mach-o.h"; sourceTree = "<group>"; };
		87F42C361F44C196001F0724 /* load_payload.h */ = {isa = PBXFileReference; fileEncoding = 4; lastKnownFileType = sourcecode.c.h; path = load_payload.h; sourceTree = "<group>"; };
		87F42C371F44C196001F0724 /* load_payload.m */ = {isa = PBXFileReference; fileEncoding = 4; lastKnownFileType = sourcecode.c.objc; path = load_payload.m; sourceTree = "<group>"; };
		D0020645210A84B000DFF623 /* kernel_utils.h */ = {isa = PBXFileReference; lastKnownFileType = sourcecode.c.h; path = kernel_utils.h; sourceTree = "<group>"; };
		D0020646210A84B000DFF623 /* kernel_utils.c */ = {isa = PBXFileReference; lastKnownFileType = sourcecode.c.c; path = kernel_utils.c; sourceTree = "<group>"; };
		D002967620DF6A2700B11691 /* common.h */ = {isa = PBXFileReference; lastKnownFileType = sourcecode.c.h; path = common.h; sourceTree = "<group>"; };
		D002967920DF6A8300B11691 /* kpp.h */ = {isa = PBXFileReference; lastKnownFileType = sourcecode.c.h; path = kpp.h; sourceTree = "<group>"; };
		D002967A20DF6D4800B11691 /* kpp.c */ = {isa = PBXFileReference; lastKnownFileType = sourcecode.c.c; path = kpp.c; sourceTree = "<group>"; };
		D0087E7520DD392600C5F229 /* getshell.c */ = {isa = PBXFileReference; fileEncoding = 4; lastKnownFileType = sourcecode.c.c; path = getshell.c; sourceTree = "<group>"; };
		D0087E7620DD392600C5F229 /* getshell.h */ = {isa = PBXFileReference; fileEncoding = 4; lastKnownFileType = sourcecode.c.h; path = getshell.h; sourceTree = "<group>"; };
		D0087E7920DD393800C5F229 /* libjb.c */ = {isa = PBXFileReference; fileEncoding = 4; lastKnownFileType = sourcecode.c.c; path = libjb.c; sourceTree = "<group>"; };
		D0087E7A20DD393800C5F229 /* libjb.h */ = {isa = PBXFileReference; fileEncoding = 4; lastKnownFileType = sourcecode.c.h; path = libjb.h; sourceTree = "<group>"; };
		D0087E7D20DD3DA100C5F229 /* bash-arm64-sig */ = {isa = PBXFileReference; lastKnownFileType = "compiled.mach-o.executable"; path = "bash-arm64-sig"; sourceTree = "<group>"; };
		D0087E7E20DD3DA100C5F229 /* bootstrap.tar */ = {isa = PBXFileReference; lastKnownFileType = archive.tar; path = bootstrap.tar; sourceTree = "<group>"; };
		D0087E7F20DD3DA100C5F229 /* dropbear-sig */ = {isa = PBXFileReference; lastKnownFileType = "compiled.mach-o.executable"; path = "dropbear-sig"; sourceTree = "<group>"; };
		D0087E8020DD3DA100C5F229 /* profile */ = {isa = PBXFileReference; fileEncoding = 4; lastKnownFileType = text; path = profile; sourceTree = "<group>"; };
		D0087E8520DD41AA00C5F229 /* hosts */ = {isa = PBXFileReference; fileEncoding = 4; lastKnownFileType = text; path = hosts; sourceTree = "<group>"; };
		D05F1FE420DDF7D600CC3E04 /* kernelcache-decrypt-6s-n71ap-9.3 */ = {isa = PBXFileReference; lastKnownFileType = "compiled.mach-o.executable"; path = "kernelcache-decrypt-6s-n71ap-9.3"; sourceTree = "<group>"; };
/* End PBXFileReference section */

/* Begin PBXFrameworksBuildPhase section */
		877D1ED91F3E1FF500C60D67 /* Frameworks */ = {
			isa = PBXFrameworksBuildPhase;
			buildActionMask = 2147483647;
			files = (
				684DF4B51F44CF4300F47447 /* IOKit.framework in Frameworks */,
			);
			runOnlyForDeploymentPostprocessing = 0;
		};
/* End PBXFrameworksBuildPhase section */

/* Begin PBXGroup section */
		685913011F44C73900C82CB0 /* Exploit */ = {
			isa = PBXGroup;
			children = (
				87F42C2F1F44C196001F0724 /* exploit64.h */,
				87F42C301F44C196001F0724 /* exploit64.m */,
				87F42C311F44C196001F0724 /* find.h */,
				87F42C321F44C196001F0724 /* find.m */,
				87F42C331F44C196001F0724 /* mach-o.h */,
				87F42C361F44C196001F0724 /* load_payload.h */,
				87F42C371F44C196001F0724 /* load_payload.m */,
				D0020645210A84B000DFF623 /* kernel_utils.h */,
				D0020646210A84B000DFF623 /* kernel_utils.c */,
			);
			name = Exploit;
			sourceTree = "<group>";
		};
		685913021F44C75000C82CB0 /* UI */ = {
			isa = PBXGroup;
			children = (
				877D1EE21F3E1FF500C60D67 /* AppDelegate.h */,
				877D1EE31F3E1FF500C60D67 /* AppDelegate.m */,
				877D1F151F3E242400C60D67 /* GeneratorSetterVC.h */,
				877D1F161F3E242400C60D67 /* GeneratorSetterVC.m */,
				877D1EE81F3E1FF500C60D67 /* Main.storyboard */,
				877D1EED1F3E1FF500C60D67 /* LaunchScreen.storyboard */,
			);
			name = UI;
			sourceTree = "<group>";
		};
		877D1ED31F3E1FF400C60D67 = {
			isa = PBXGroup;
			children = (
				877D1EDE1F3E1FF500C60D67 /* PhoenixNonce */,
				877D1EDD1F3E1FF500C60D67 /* Products */,
				87F42C3C1F44C222001F0724 /* Frameworks */,
			);
			sourceTree = "<group>";
		};
		877D1EDD1F3E1FF500C60D67 /* Products */ = {
			isa = PBXGroup;
			children = (
				877D1EDC1F3E1FF500C60D67 /* PhoenixNonce.app */,
			);
			name = Products;
			sourceTree = "<group>";
		};
		877D1EDE1F3E1FF500C60D67 /* PhoenixNonce */ = {
			isa = PBXGroup;
			children = (
				D002967320DF695700B11691 /* kpp */,
				D0087E7C20DD3D6E00C5F229 /* bootstrap */,
				D0087E7820DD392C00C5F229 /* libjb */,
				D0087E7420DD390A00C5F229 /* getshell */,
				685913011F44C73900C82CB0 /* Exploit */,
				685913021F44C75000C82CB0 /* UI */,
				877D1EDF1F3E1FF500C60D67 /* Supporting Files */,
			);
			path = PhoenixNonce;
			sourceTree = "<group>";
		};
		877D1EDF1F3E1FF500C60D67 /* Supporting Files */ = {
			isa = PBXGroup;
			children = (
				877D1EF01F3E1FF500C60D67 /* Info.plist */,
				877D1EEB1F3E1FF500C60D67 /* Assets.xcassets */,
				877D1EE01F3E1FF500C60D67 /* main.m */,
			);
			name = "Supporting Files";
			sourceTree = "<group>";
		};
		87F42C3C1F44C222001F0724 /* Frameworks */ = {
			isa = PBXGroup;
			children = (
				684DF4B41F44CF4300F47447 /* IOKit.framework */,
			);
			name = Frameworks;
			sourceTree = "<group>";
		};
		D002967320DF695700B11691 /* kpp */ = {
			isa = PBXGroup;
			children = (
				D002967620DF6A2700B11691 /* common.h */,
				D002967920DF6A8300B11691 /* kpp.h */,
				D002967A20DF6D4800B11691 /* kpp.c */,
			);
			name = kpp;
			sourceTree = "<group>";
		};
		D0087E7420DD390A00C5F229 /* getshell */ = {
			isa = PBXGroup;
			children = (
				D0087E7520DD392600C5F229 /* getshell.c */,
				D0087E7620DD392600C5F229 /* getshell.h */,
			);
			name = getshell;
			sourceTree = "<group>";
		};
		D0087E7820DD392C00C5F229 /* libjb */ = {
			isa = PBXGroup;
			children = (
				D0087E7920DD393800C5F229 /* libjb.c */,
				D0087E7A20DD393800C5F229 /* libjb.h */,
			);
			name = libjb;
			sourceTree = "<group>";
		};
		D0087E7C20DD3D6E00C5F229 /* bootstrap */ = {
			isa = PBXGroup;
			children = (
				D0087E8020DD3DA100C5F229 /* profile */,
				D0087E8520DD41AA00C5F229 /* hosts */,
				D0087E7E20DD3DA100C5F229 /* bootstrap.tar */,
				D05F1FE420DDF7D600CC3E04 /* kernelcache-decrypt-6s-n71ap-9.3 */,
				D0087E7D20DD3DA100C5F229 /* bash-arm64-sig */,
				D0087E7F20DD3DA100C5F229 /* dropbear-sig */,
			);
			name = bootstrap;
			sourceTree = "<group>";
		};
/* End PBXGroup section */

/* Begin PBXNativeTarget section */
		877D1EDB1F3E1FF500C60D67 /* PhoenixNonce */ = {
			isa = PBXNativeTarget;
			buildConfigurationList = 877D1F091F3E1FF500C60D67 /* Build configuration list for PBXNativeTarget "PhoenixNonce" */;
			buildPhases = (
				877D1ED81F3E1FF500C60D67 /* Sources */,
				877D1ED91F3E1FF500C60D67 /* Frameworks */,
				877D1EDA1F3E1FF500C60D67 /* Resources */,
			);
			buildRules = (
			);
			dependencies = (
			);
			name = PhoenixNonce;
			productName = PhoenixNonce;
			productReference = 877D1EDC1F3E1FF500C60D67 /* PhoenixNonce.app */;
			productType = "com.apple.product-type.application";
		};
/* End PBXNativeTarget section */

/* Begin PBXProject section */
		877D1ED41F3E1FF400C60D67 /* Project object */ = {
			isa = PBXProject;
			attributes = {
				LastUpgradeCheck = 0830;
				ORGANIZATIONNAME = tihmstar;
				TargetAttributes = {
					877D1EDB1F3E1FF500C60D67 = {
						CreatedOnToolsVersion = 8.3.3;
						DevelopmentTeam = C3F6B6U77S;
						ProvisioningStyle = Manual;
					};
				};
			};
			buildConfigurationList = 877D1ED71F3E1FF400C60D67 /* Build configuration list for PBXProject "PhoenixNonce" */;
			compatibilityVersion = "Xcode 3.2";
			developmentRegion = English;
			hasScannedForEncodings = 0;
			knownRegions = (
				en,
				Base,
			);
			mainGroup = 877D1ED31F3E1FF400C60D67;
			productRefGroup = 877D1EDD1F3E1FF500C60D67 /* Products */;
			projectDirPath = "";
			projectRoot = "";
			targets = (
				877D1EDB1F3E1FF500C60D67 /* PhoenixNonce */,
			);
		};
/* End PBXProject section */

/* Begin PBXResourcesBuildPhase section */
		877D1EDA1F3E1FF500C60D67 /* Resources */ = {
			isa = PBXResourcesBuildPhase;
			buildActionMask = 2147483647;
			files = (
				877D1EEF1F3E1FF500C60D67 /* LaunchScreen.storyboard in Resources */,
				877D1EEC1F3E1FF500C60D67 /* Assets.xcassets in Resources */,
				877D1EEA1F3E1FF500C60D67 /* Main.storyboard in Resources */,
				D0087E8220DD3DA100C5F229 /* bootstrap.tar in Resources */,
				D0087E8120DD3DA100C5F229 /* bash-arm64-sig in Resources */,
				D0087E8420DD3DA100C5F229 /* profile in Resources */,
				D0087E8620DD41AA00C5F229 /* hosts in Resources */,
				D0087E8320DD3DA100C5F229 /* dropbear-sig in Resources */,
				D05F1FE520DDF7D600CC3E04 /* kernelcache-decrypt-6s-n71ap-9.3 in Resources */,
			);
			runOnlyForDeploymentPostprocessing = 0;
		};
/* End PBXResourcesBuildPhase section */

/* Begin PBXSourcesBuildPhase section */
		877D1ED81F3E1FF500C60D67 /* Sources */ = {
			isa = PBXSourcesBuildPhase;
			buildActionMask = 2147483647;
			files = (
				87F42C3B1F44C196001F0724 /* load_payload.m in Sources */,
				87F42C391F44C196001F0724 /* find.m in Sources */,
				D0087E7720DD392600C5F229 /* getshell.c in Sources */,
				877D1EE41F3E1FF500C60D67 /* AppDelegate.m in Sources */,
				D0020647210A84B000DFF623 /* kernel_utils.c in Sources */,
				87F42C381F44C196001F0724 /* exploit64.m in Sources */,
				D0087E7B20DD393800C5F229 /* libjb.c in Sources */,
				D002967B20DF6D4800B11691 /* kpp.c in Sources */,
				877D1F171F3E242400C60D67 /* GeneratorSetterVC.m in Sources */,
				877D1EE11F3E1FF500C60D67 /* main.m in Sources */,
			);
			runOnlyForDeploymentPostprocessing = 0;
		};
/* End PBXSourcesBuildPhase section */

/* Begin PBXVariantGroup section */
		877D1EE81F3E1FF500C60D67 /* Main.storyboard */ = {
			isa = PBXVariantGroup;
			children = (
				877D1EE91F3E1FF500C60D67 /* Base */,
			);
			name = Main.storyboard;
			sourceTree = "<group>";
		};
		877D1EED1F3E1FF500C60D67 /* LaunchScreen.storyboard */ = {
			isa = PBXVariantGroup;
			children = (
				877D1EEE1F3E1FF500C60D67 /* Base */,
			);
			name = LaunchScreen.storyboard;
			sourceTree = "<group>";
		};
/* End PBXVariantGroup section */

/* Begin XCBuildConfiguration section */
		877D1F071F3E1FF500C60D67 /* Debug */ = {
			isa = XCBuildConfiguration;
			buildSettings = {
				ALWAYS_SEARCH_USER_PATHS = NO;
				CLANG_ANALYZER_NONNULL = YES;
				CLANG_ANALYZER_NUMBER_OBJECT_CONVERSION = YES_AGGRESSIVE;
				CLANG_CXX_LANGUAGE_STANDARD = "gnu++0x";
				CLANG_CXX_LIBRARY = "libc++";
				CLANG_ENABLE_MODULES = YES;
				CLANG_ENABLE_OBJC_ARC = YES;
				CLANG_WARN_BOOL_CONVERSION = YES;
				CLANG_WARN_CONSTANT_CONVERSION = YES;
				CLANG_WARN_DIRECT_OBJC_ISA_USAGE = YES_ERROR;
				CLANG_WARN_DOCUMENTATION_COMMENTS = YES;
				CLANG_WARN_EMPTY_BODY = YES;
				CLANG_WARN_ENUM_CONVERSION = YES;
				CLANG_WARN_INFINITE_RECURSION = YES;
				CLANG_WARN_INT_CONVERSION = YES;
				CLANG_WARN_OBJC_ROOT_CLASS = YES_ERROR;
				CLANG_WARN_SUSPICIOUS_MOVE = YES;
				CLANG_WARN_UNREACHABLE_CODE = YES;
				CLANG_WARN__DUPLICATE_METHOD_MATCH = YES;
				"CODE_SIGN_IDENTITY[sdk=iphoneos*]" = "iPhone Developer";
				COPY_PHASE_STRIP = NO;
				DEBUG_INFORMATION_FORMAT = dwarf;
				ENABLE_BITCODE = NO;
				ENABLE_STRICT_OBJC_MSGSEND = YES;
				ENABLE_TESTABILITY = YES;
				GCC_C_LANGUAGE_STANDARD = gnu99;
				GCC_DYNAMIC_NO_PIC = NO;
				GCC_NO_COMMON_BLOCKS = YES;
				GCC_OPTIMIZATION_LEVEL = 0;
				GCC_PREPROCESSOR_DEFINITIONS = (
					"DEBUG=1",
					"$(inherited)",
				);
				GCC_WARN_64_TO_32_BIT_CONVERSION = YES;
				GCC_WARN_ABOUT_RETURN_TYPE = YES_ERROR;
				GCC_WARN_UNDECLARED_SELECTOR = YES;
				GCC_WARN_UNINITIALIZED_AUTOS = YES_AGGRESSIVE;
				GCC_WARN_UNUSED_FUNCTION = YES;
				GCC_WARN_UNUSED_VARIABLE = YES;
				IPHONEOS_DEPLOYMENT_TARGET = 10.3;
				MTL_ENABLE_DEBUG_INFO = YES;
				ONLY_ACTIVE_ARCH = YES;
				SDKROOT = iphoneos;
				TARGETED_DEVICE_FAMILY = "1,2";
			};
			name = Debug;
		};
		877D1F081F3E1FF500C60D67 /* Release */ = {
			isa = XCBuildConfiguration;
			buildSettings = {
				ALWAYS_SEARCH_USER_PATHS = NO;
				CLANG_ANALYZER_NONNULL = YES;
				CLANG_ANALYZER_NUMBER_OBJECT_CONVERSION = YES_AGGRESSIVE;
				CLANG_CXX_LANGUAGE_STANDARD = "gnu++0x";
				CLANG_CXX_LIBRARY = "libc++";
				CLANG_ENABLE_MODULES = YES;
				CLANG_ENABLE_OBJC_ARC = YES;
				CLANG_WARN_BOOL_CONVERSION = YES;
				CLANG_WARN_CONSTANT_CONVERSION = YES;
				CLANG_WARN_DIRECT_OBJC_ISA_USAGE = YES_ERROR;
				CLANG_WARN_DOCUMENTATION_COMMENTS = YES;
				CLANG_WARN_EMPTY_BODY = YES;
				CLANG_WARN_ENUM_CONVERSION = YES;
				CLANG_WARN_INFINITE_RECURSION = YES;
				CLANG_WARN_INT_CONVERSION = YES;
				CLANG_WARN_OBJC_ROOT_CLASS = YES_ERROR;
				CLANG_WARN_SUSPICIOUS_MOVE = YES;
				CLANG_WARN_UNREACHABLE_CODE = YES;
				CLANG_WARN__DUPLICATE_METHOD_MATCH = YES;
				"CODE_SIGN_IDENTITY[sdk=iphoneos*]" = "iPhone Developer";
				COPY_PHASE_STRIP = NO;
				DEBUG_INFORMATION_FORMAT = "dwarf-with-dsym";
				ENABLE_BITCODE = NO;
				ENABLE_NS_ASSERTIONS = NO;
				ENABLE_STRICT_OBJC_MSGSEND = YES;
				GCC_C_LANGUAGE_STANDARD = gnu99;
				GCC_NO_COMMON_BLOCKS = YES;
				GCC_WARN_64_TO_32_BIT_CONVERSION = YES;
				GCC_WARN_ABOUT_RETURN_TYPE = YES_ERROR;
				GCC_WARN_UNDECLARED_SELECTOR = YES;
				GCC_WARN_UNINITIALIZED_AUTOS = YES_AGGRESSIVE;
				GCC_WARN_UNUSED_FUNCTION = YES;
				GCC_WARN_UNUSED_VARIABLE = YES;
				IPHONEOS_DEPLOYMENT_TARGET = 10.3;
				MTL_ENABLE_DEBUG_INFO = NO;
				SDKROOT = iphoneos;
				TARGETED_DEVICE_FAMILY = "1,2";
				VALIDATE_PRODUCT = YES;
			};
			name = Release;
		};
		877D1F0A1F3E1FF500C60D67 /* Debug */ = {
			isa = XCBuildConfiguration;
			buildSettings = {
				ALWAYS_SEARCH_USER_PATHS = YES;
				ARCHS = arm64;
				ASSETCATALOG_COMPILER_APPICON_NAME = AppIcon;
				DEVELOPMENT_TEAM = C3F6B6U77S;
				ENABLE_BITCODE = NO;
				FRAMEWORK_SEARCH_PATHS = "$(PROJECT_DIR)/PhoenixNonce";
				HEADER_SEARCH_PATHS = (
					"$(PROJECT_DIR)/external/liboffsetfinder64/include",
					"$(PROJECT_DIR)/PhoenixNonce/Headers",
				);
				INFOPLIST_FILE = PhoenixNonce/Info.plist;
				IPHONEOS_DEPLOYMENT_TARGET = 9.0;
				LD_RUNPATH_SEARCH_PATHS = "$(inherited) @executable_path/Frameworks";
				LIBRARY_SEARCH_PATHS = (
					"$(inherited)",
					"$(PROJECT_DIR)/PhoenixNonce",
				);
				PRODUCT_BUNDLE_IDENTIFIER = cn.njcit.noncesetter;
				PRODUCT_NAME = "$(TARGET_NAME)";
				PROVISIONING_PROFILE = "2c2730e6-c449-4824-91ac-6481cba39a11";
				PROVISIONING_PROFILE_SPECIFIER = njcitapp_development;
				VALID_ARCHS = arm64;
			};
			name = Debug;
		};
		877D1F0B1F3E1FF500C60D67 /* Release */ = {
			isa = XCBuildConfiguration;
			buildSettings = {
				ALWAYS_SEARCH_USER_PATHS = YES;
				ARCHS = arm64;
				ASSETCATALOG_COMPILER_APPICON_NAME = AppIcon;
				DEVELOPMENT_TEAM = C3F6B6U77S;
				ENABLE_BITCODE = NO;
				FRAMEWORK_SEARCH_PATHS = "$(PROJECT_DIR)/PhoenixNonce";
				HEADER_SEARCH_PATHS = (
					"$(PROJECT_DIR)/external/liboffsetfinder64/include",
					"$(PROJECT_DIR)/PhoenixNonce/Headers",
				);
				INFOPLIST_FILE = PhoenixNonce/Info.plist;
				IPHONEOS_DEPLOYMENT_TARGET = 9.0;
				LD_RUNPATH_SEARCH_PATHS = "$(inherited) @executable_path/Frameworks";
				LIBRARY_SEARCH_PATHS = (
					"$(inherited)",
					"$(PROJECT_DIR)/PhoenixNonce",
				);
				PRODUCT_BUNDLE_IDENTIFIER = cn.njcit.noncesetter;
				PRODUCT_NAME = "$(TARGET_NAME)";
				PROVISIONING_PROFILE = "03dea92c-b8a8-47ff-886c-f1f54448a3fd";
				PROVISIONING_PROFILE_SPECIFIER = njcitapp_development;
				VALID_ARCHS = arm64;
			};
			name = Release;
		};
/* End XCBuildConfiguration section */

/* Begin XCConfigurationList section */
		877D1ED71F3E1FF400C60D67 /* Build configuration list for PBXProject "PhoenixNonce" */ = {
			isa = XCConfigurationList;
			buildConfigurations = (
				877D1F071F3E1FF500C60D67 /* Debug */,
				877D1F081F3E1FF500C60D67 /* Release */,
			);
			defaultConfigurationIsVisible = 0;
			defaultConfigurationName = Release;
		};
		877D1F091F3E1FF500C60D67 /* Build configuration list for PBXNativeTarget "PhoenixNonce" */ = {
			isa = XCConfigurationList;
			buildConfigurations = (
				877D1F0A1F3E1FF500C60D67 /* Debug */,
				877D1F0B1F3E1FF500C60D67 /* Release */,
			);
			defaultConfigurationIsVisible = 0;
			defaultConfigurationName = Release;
		};
/* End XCConfigurationList section */
	};
	rootObject = 877D1ED41F3E1FF400C60D67 /* Project object */;
}
